// !$*UTF8*$!
{
	archiveVersion = 1;
	classes = {
	};
	objectVersion = 46;
	objects = {

/* Begin PBXBuildFile section */
		2B37C8AAFCC14A859447B584 /* AppIcon.icns in Build */ = {isa = PBXBuildFile; fileRef = AD5AC2D01D7F4A9288580D6C /* AppIcon.icns */; };
		EB17A9FF5DE74A2A8145574B /* main.m in Build */ = {isa = PBXBuildFile; fileRef = EDE5A007CE47410C985AFE3F /* main.m */; };
		45F976B84D6F4AAB82A9012F /* AppDelegate.m in Build */ = {isa = PBXBuildFile; fileRef = AFC37F0A11EB4D2C9F7CF50F /* AppDelegate.m */; };
		55E17EDC96C34EE2B003EC06 /* IGSettingsViewController.m in Build */ = {isa = PBXBuildFile; fileRef = 0EA22F9DFA6C4F7AADE200A3 /* IGSettingsViewController.m */; };
		71D96F8FB9A145948D92D3BC /* IGOfflinePlaylistViewController.m in Build */ = {isa = PBXBuildFile; fileRef = 7F483084A1C444FFB8D9A096 /* IGOfflinePlaylistViewController.m */; };
		602B6811819A40C48F7A521A /* IGUSBExportViewController.m in Build */ = {isa = PBXBuildFile; fileRef = F680643FC34A4E8DB7E7FDEF /* IGUSBExportViewController.m */; };
		72FECC5191E0484D8D030A5E /* IGFileFixerViewController.m in Build */ = {isa = PBXBuildFile; fileRef = 739BF74E464946A2AA4C0110 /* IGFileFixerViewController.m */; };
		C276892C58134848B0C9C667 /* IGGeniusViewController.m in Build */ = {isa = PBXBuildFile; fileRef = 66FDB03C78DD486E89F166B2 /* IGGeniusViewController.m */; };
		B4689CDE395842698F3CE170 /* IGNotificationView.m in Build */ = {isa = PBXBuildFile; fileRef = AE10F8E4682E4EA7B7095986 /* IGNotificationView.m */; };
		09A92887A59B4CE3BD2B132A /* IGMainWindowController.m in Build */ = {isa = PBXBuildFile; fileRef = 1F3E05FFC4294765A2A1D856 /* IGMainWindowController.m */; };
		63765D130BAE4B36BBC9BEDE /* IGDuplicateFinderViewController.m in Build */ = {isa = PBXBuildFile; fileRef = 7B2A540B5ADE4FFEA59F1448 /* IGDuplicateFinderViewController.m */; };
		340F75FB0181479294FB81A3 /* IGFixerViewController.m in Build */ = {isa = PBXBuildFile; fileRef = 5585714DDC3140C48E00113F /* IGFixerViewController.m */; };
		889A748F07434C3F93C0AB90 /* IGCoversOptimizerViewController.m in Build */ = {isa = PBXBuildFile; fileRef = E4BAFEFCB6B4420B857060EE /* IGCoversOptimizerViewController.m */; };
		3A616E1579A6444BB71262DA /* cacert.pem in Build */ = {isa = PBXBuildFile; fileRef = F9BE1B335F9B4CA0B4F3408C /* cacert.pem */; };
		C6C8CDA133DD47AF99BBEAB7 /* Localizable.strings in Build */ = {isa = PBXBuildFile; fileRef = 027CC9820052455CAA3D273E /* Localizable.strings */; };
		4CE3E31E42D64188A33D92BA /* Localizable.strings in Build */ = {isa = PBXBuildFile; fileRef = D05417FA003843A1A1149691 /* Localizable.strings */; };
		0C910F951C694F0A8BEFB7AF /* IGTrack.m in Build */ = {isa = PBXBuildFile; fileRef = 91577E64755A4C1CA58386A2 /* IGTrack.m */; };
		C3CB6F2E3AFA458FA608CA94 /* MainMenu.xib in Build */ = {isa = PBXBuildFile; fileRef = C31D14FEA77D4D7585D67A6B /* MainMenu.xib */; };
		AFA324E0FFAA420485C4B181 /* IGLogger.m in Build */ = {isa = PBXBuildFile; fileRef = CCF7C277C90E4D88B08E0050 /* IGLogger.m */; };
		069F39F7FC1444EC940C2FCE /* IGLocalizationService.m in Build */ = {isa = PBXBuildFile; fileRef = 7C5E7FE0F9AF4F9BA14D2CC0 /* IGLocalizationService.m */; };
		55AEF72EE3484B5DB45D3515 /* IGAIService.m in Build */ = {isa = PBXBuildFile; fileRef = 2D925C3D7D6C4830B9A16716 /* IGAIService.m */; };
		EA712E07607D405991026720 /* IGUSBService.m in Build */ = {isa = PBXBuildFile; fileRef = 2C45851CCAC7455C92EC3DCD /* IGUSBService.m */; };
		301D2062B6FC4B75A9844BF0 /* IGLyricsService.m in Build */ = {isa = PBXBuildFile; fileRef = BDA7BC4E1F23482BAAF8CDB8 /* IGLyricsService.m */; };
		926668244C544F2F8A5D0E77 /* IGMediaFixerManager.m in Build */ = {isa = PBXBuildFile; fileRef = 74DEE8B60F624245A89DC53E /* IGMediaFixerManager.m */; };
		26C43F4A34364DBBA8D76048 /* IGiTunesService.m in Build */ = {isa = PBXBuildFile; fileRef = 25322633809E4586877D1F54 /* IGiTunesService.m */; };
		9F60C8D49F284C8ABB40C455 /* IGKeychainHelper.m in Build */ = {isa = PBXBuildFile; fileRef = 1797CE731B744A29BCCCFDDF /* IGKeychainHelper.m */; };
		5D7037A06A23448EB85741D7 /* SyncrosaTests.m in Build */ = {isa = PBXBuildFile; fileRef = 82ED0CB27F3C48F6A4113858 /* SyncrosaTests.m */; };
		88306CA2A8764D4CBE9EF3C7 /* IGBusinessLogicTests.m in Build */ = {isa = PBXBuildFile; fileRef = 6FC946587A2C4A71BB213DC8 /* IGBusinessLogicTests.m */; };
/* End PBXBuildFile section */

/* Begin PBXContainerItemProxy section */
		5281AC6B2FDAE21700B6EAAC /* PBXContainerItemProxy */ = {
			isa = PBXContainerItemProxy;
			containerPortal = 5281AC4F2FDAE21700B6EAAC /* Project object */;
			proxyType = 1;
			remoteGlobalIDString = 5281AC562FDAE21700B6EAAC;
			remoteInfo = "Syncrosa";
		};
/* End PBXContainerItemProxy section */

/* Begin PBXFileReference section */
		5CBF36AA9EB74A8EB07109F9 /* AppDelegate.h */ = {isa = PBXFileReference; lastKnownFileType = sourcecode.c.h; path = "AppDelegate.h"; sourceTree = "<group>"; };
		AD5AC2D01D7F4A9288580D6C /* AppIcon.icns */ = {isa = PBXFileReference; lastKnownFileType = image.icns; path = "AppIcon.icns"; sourceTree = "<group>"; };
		EDE5A007CE47410C985AFE3F /* main.m */ = {isa = PBXFileReference; lastKnownFileType = sourcecode.c.objc; path = "main.m"; sourceTree = "<group>"; };
		AFC37F0A11EB4D2C9F7CF50F /* AppDelegate.m */ = {isa = PBXFileReference; lastKnownFileType = sourcecode.c.objc; path = "AppDelegate.m"; sourceTree = "<group>"; };
		F099DD2E2C7543F5A0CECA0A /* Info.plist */ = {isa = PBXFileReference; lastKnownFileType = text.plist.xml; path = "Info.plist"; sourceTree = "<group>"; };
		8B41285364BE4E2A8AD8C9E6 /* IGMainWindowController.h */ = {isa = PBXFileReference; lastKnownFileType = sourcecode.c.h; path = "IGMainWindowController.h"; sourceTree = "<group>"; };
		D75B17AE88F841A79B4ACA43 /* IGNotificationView.h */ = {isa = PBXFileReference; lastKnownFileType = sourcecode.c.h; path = "IGNotificationView.h"; sourceTree = "<group>"; };
		0EA22F9DFA6C4F7AADE200A3 /* IGSettingsViewController.m */ = {isa = PBXFileReference; lastKnownFileType = sourcecode.c.objc; path = "IGSettingsViewController.m"; sourceTree = "<group>"; };
		9B6D3098017744EEB46C1F27 /* IGDuplicateFinderViewController.h */ = {isa = PBXFileReference; lastKnownFileType = sourcecode.c.h; path = "IGDuplicateFinderViewController.h"; sourceTree = "<group>"; };
		7F483084A1C444FFB8D9A096 /* IGOfflinePlaylistViewController.m */ = {isa = PBXFileReference; lastKnownFileType = sourcecode.c.objc; path = "IGOfflinePlaylistViewController.m"; sourceTree = "<group>"; };
		F680643FC34A4E8DB7E7FDEF /* IGUSBExportViewController.m */ = {isa = PBXFileReference; lastKnownFileType = sourcecode.c.objc; path = "IGUSBExportViewController.m"; sourceTree = "<group>"; };
		739BF74E464946A2AA4C0110 /* IGFileFixerViewController.m */ = {isa = PBXFileReference; lastKnownFileType = sourcecode.c.objc; path = "IGFileFixerViewController.m"; sourceTree = "<group>"; };
		1E00386C424D42A2949A6D8B /* IGCoversOptimizerViewController.h */ = {isa = PBXFileReference; lastKnownFileType = sourcecode.c.h; path = "IGCoversOptimizerViewController.h"; sourceTree = "<group>"; };
		3142FA52755640FEAFB6C162 /* IGFixerViewController.h */ = {isa = PBXFileReference; lastKnownFileType = sourcecode.c.h; path = "IGFixerViewController.h"; sourceTree = "<group>"; };
		66FDB03C78DD486E89F166B2 /* IGGeniusViewController.m */ = {isa = PBXFileReference; lastKnownFileType = sourcecode.c.objc; path = "IGGeniusViewController.m"; sourceTree = "<group>"; };
		AE10F8E4682E4EA7B7095986 /* IGNotificationView.m */ = {isa = PBXFileReference; lastKnownFileType = sourcecode.c.objc; path = "IGNotificationView.m"; sourceTree = "<group>"; };
		1F3E05FFC4294765A2A1D856 /* IGMainWindowController.m */ = {isa = PBXFileReference; lastKnownFileType = sourcecode.c.objc; path = "IGMainWindowController.m"; sourceTree = "<group>"; };
		7B2A540B5ADE4FFEA59F1448 /* IGDuplicateFinderViewController.m */ = {isa = PBXFileReference; lastKnownFileType = sourcecode.c.objc; path = "IGDuplicateFinderViewController.m"; sourceTree = "<group>"; };
		5928716DF6E5462FBAAC4FC6 /* IGSettingsViewController.h */ = {isa = PBXFileReference; lastKnownFileType = sourcecode.c.h; path = "IGSettingsViewController.h"; sourceTree = "<group>"; };
		88020F3C19DF4952A41EC79F /* IGOfflinePlaylistViewController.h */ = {isa = PBXFileReference; lastKnownFileType = sourcecode.c.h; path = "IGOfflinePlaylistViewController.h"; sourceTree = "<group>"; };
		5A531656E96F491CB84D6FED /* IGGeniusViewController.h */ = {isa = PBXFileReference; lastKnownFileType = sourcecode.c.h; path = "IGGeniusViewController.h"; sourceTree = "<group>"; };
		5585714DDC3140C48E00113F /* IGFixerViewController.m */ = {isa = PBXFileReference; lastKnownFileType = sourcecode.c.objc; path = "IGFixerViewController.m"; sourceTree = "<group>"; };
		E4BAFEFCB6B4420B857060EE /* IGCoversOptimizerViewController.m */ = {isa = PBXFileReference; lastKnownFileType = sourcecode.c.objc; path = "IGCoversOptimizerViewController.m"; sourceTree = "<group>"; };
		3ADEA23E2DA14FEFB58F38CF /* IGUSBExportViewController.h */ = {isa = PBXFileReference; lastKnownFileType = sourcecode.c.h; path = "IGUSBExportViewController.h"; sourceTree = "<group>"; };
		EAD24D55D2BA422C89A18EFE /* IGFileFixerViewController.h */ = {isa = PBXFileReference; lastKnownFileType = sourcecode.c.h; path = "IGFileFixerViewController.h"; sourceTree = "<group>"; };
		F9BE1B335F9B4CA0B4F3408C /* cacert.pem */ = {isa = PBXFileReference; lastKnownFileType = text; path = "cacert.pem"; sourceTree = "<group>"; };
		027CC9820052455CAA3D273E /* Localizable.strings */ = {isa = PBXFileReference; lastKnownFileType = text.plist.strings; path = "Localizable.strings"; sourceTree = "<group>"; };
		D05417FA003843A1A1149691 /* Localizable.strings */ = {isa = PBXFileReference; lastKnownFileType = text.plist.strings; path = "Localizable.strings"; sourceTree = "<group>"; };
		91577E64755A4C1CA58386A2 /* IGTrack.m */ = {isa = PBXFileReference; lastKnownFileType = sourcecode.c.objc; path = "IGTrack.m"; sourceTree = "<group>"; };
		2EAE5FB1FA664E7AB9042A19 /* IGTrack.h */ = {isa = PBXFileReference; lastKnownFileType = sourcecode.c.h; path = "IGTrack.h"; sourceTree = "<group>"; };
		C31D14FEA77D4D7585D67A6B /* MainMenu.xib */ = {isa = PBXFileReference; lastKnownFileType = file.xib; path = "MainMenu.xib"; sourceTree = "<group>"; };
		95C57A1CEE874279B28A58C2 /* IGMediaFixerManager.h */ = {isa = PBXFileReference; lastKnownFileType = sourcecode.c.h; path = "IGMediaFixerManager.h"; sourceTree = "<group>"; };
		DC57BB0BF6694C00959D1C5B /* IGLyricsService.h */ = {isa = PBXFileReference; lastKnownFileType = sourcecode.c.h; path = "IGLyricsService.h"; sourceTree = "<group>"; };
		CCF7C277C90E4D88B08E0050 /* IGLogger.m */ = {isa = PBXFileReference; lastKnownFileType = sourcecode.c.objc; path = "IGLogger.m"; sourceTree = "<group>"; };
		7C5E7FE0F9AF4F9BA14D2CC0 /* IGLocalizationService.m */ = {isa = PBXFileReference; lastKnownFileType = sourcecode.c.objc; path = "IGLocalizationService.m"; sourceTree = "<group>"; };
		2D925C3D7D6C4830B9A16716 /* IGAIService.m */ = {isa = PBXFileReference; lastKnownFileType = sourcecode.c.objc; path = "IGAIService.m"; sourceTree = "<group>"; };
		F52A5C4387B54B64A5FDFD32 /* IGiTunesService.h */ = {isa = PBXFileReference; lastKnownFileType = sourcecode.c.h; path = "IGiTunesService.h"; sourceTree = "<group>"; };
		C9201068CDD549ADAA43EFB6 /* IGKeychainHelper.h */ = {isa = PBXFileReference; lastKnownFileType = sourcecode.c.h; path = "IGKeychainHelper.h"; sourceTree = "<group>"; };
		2C45851CCAC7455C92EC3DCD /* IGUSBService.m */ = {isa = PBXFileReference; lastKnownFileType = sourcecode.c.objc; path = "IGUSBService.m"; sourceTree = "<group>"; };
		BDA7BC4E1F23482BAAF8CDB8 /* IGLyricsService.m */ = {isa = PBXFileReference; lastKnownFileType = sourcecode.c.objc; path = "IGLyricsService.m"; sourceTree = "<group>"; };
		74DEE8B60F624245A89DC53E /* IGMediaFixerManager.m */ = {isa = PBXFileReference; lastKnownFileType = sourcecode.c.objc; path = "IGMediaFixerManager.m"; sourceTree = "<group>"; };
		25322633809E4586877D1F54 /* IGiTunesService.m */ = {isa = PBXFileReference; lastKnownFileType = sourcecode.c.objc; path = "IGiTunesService.m"; sourceTree = "<group>"; };
		0ABE16C410434605B191B33F /* IGAIService.h */ = {isa = PBXFileReference; lastKnownFileType = sourcecode.c.h; path = "IGAIService.h"; sourceTree = "<group>"; };
		3123DACEAF52423BA9E8296E /* IGLocalizationService.h */ = {isa = PBXFileReference; lastKnownFileType = sourcecode.c.h; path = "IGLocalizationService.h"; sourceTree = "<group>"; };
		74988E5C7C364D7AA8302DEB /* IGLogger.h */ = {isa = PBXFileReference; lastKnownFileType = sourcecode.c.h; path = "IGLogger.h"; sourceTree = "<group>"; };
		1797CE731B744A29BCCCFDDF /* IGKeychainHelper.m */ = {isa = PBXFileReference; lastKnownFileType = sourcecode.c.objc; path = "IGKeychainHelper.m"; sourceTree = "<group>"; };
		0B11E06C09474BA782581110 /* IGUSBService.h */ = {isa = PBXFileReference; lastKnownFileType = sourcecode.c.h; path = "IGUSBService.h"; sourceTree = "<group>"; };
		82ED0CB27F3C48F6A4113858 /* SyncrosaTests.m */ = {isa = PBXFileReference; lastKnownFileType = sourcecode.c.objc; path = "SyncrosaTests.m"; sourceTree = "<group>"; };
		6FC946587A2C4A71BB213DC8 /* IGBusinessLogicTests.m */ = {isa = PBXFileReference; lastKnownFileType = sourcecode.c.objc; path = "IGBusinessLogicTests.m"; sourceTree = "<group>"; };
		F484DEA683B142DFA5253185 /* Info.plist */ = {isa = PBXFileReference; lastKnownFileType = text.plist.xml; path = "Info.plist"; sourceTree = "<group>"; };
		5281AC572FDAE21700B6EAAC /* Syncrosa.app */ = {isa = PBXFileReference; explicitFileType = wrapper.application; includeInIndex = 0; path = "Syncrosa.app"; sourceTree = BUILT_PRODUCTS_DIR; };
		5281AC6A2FDAE21700B6EAAC /* SyncrosaTests.xctest */ = {isa = PBXFileReference; explicitFileType = wrapper.cfbundle; includeInIndex = 0; path = "SyncrosaTests.xctest"; sourceTree = BUILT_PRODUCTS_DIR; };
/* End PBXFileReference section */

/* Begin PBXFrameworksBuildPhase section */
		5281AC542FDAE21700B6EAAC /* Frameworks */ = {
			isa = PBXFrameworksBuildPhase;
			buildActionMask = 2147483647;
			files = (
			);
			runOnlyForDeploymentPostprocessing = 0;
		};
		5281AC672FDAE21700B6EAAC /* Frameworks */ = {
			isa = PBXFrameworksBuildPhase;
			buildActionMask = 2147483647;
			files = (
			);
			runOnlyForDeploymentPostprocessing = 0;
		};
/* End PBXFrameworksBuildPhase section */

/* Begin PBXGroup section */
		12F634087A644B3F996B1B3D /* AppIcon.appiconset */ = {
			isa = PBXGroup;
			children = (
			);
			path = "AppIcon.appiconset";
			sourceTree = "<group>";
		};
		D1C705DD729447BBA7A057AF /* en.lproj */ = {
			isa = PBXGroup;
			children = (
				027CC9820052455CAA3D273E /* Localizable.strings */,
			);
			path = "en.lproj";
			sourceTree = "<group>";
		};
		821086B7067040519FD4591D /* ru.lproj */ = {
			isa = PBXGroup;
			children = (
				D05417FA003843A1A1149691 /* Localizable.strings */,
			);
			path = "ru.lproj";
			sourceTree = "<group>";
		};
		DB8B8E4DF43743E4987EAA9B /* Images.xcassets */ = {
			isa = PBXGroup;
			children = (
				12F634087A644B3F996B1B3D /* AppIcon.appiconset */,
			);
			path = "Images.xcassets";
			sourceTree = "<group>";
		};
		AFA485616FF341EEB22860A5 /* Base.lproj */ = {
			isa = PBXGroup;
			children = (
				C31D14FEA77D4D7585D67A6B /* MainMenu.xib */,
			);
			path = "Base.lproj";
			sourceTree = "<group>";
		};
		0C20C79A8F1444FB9AA49AB4 /* Resources */ = {
			isa = PBXGroup;
			children = (
				F9BE1B335F9B4CA0B4F3408C /* cacert.pem */,
				D1C705DD729447BBA7A057AF /* en.lproj */,
				821086B7067040519FD4591D /* ru.lproj */,
			);
			path = "Resources";
			sourceTree = "<group>";
		};
		70732B3A3B634F1BBB4EF0F3 /* Services */ = {
			isa = PBXGroup;
			children = (
				95C57A1CEE874279B28A58C2 /* IGMediaFixerManager.h */,
				DC57BB0BF6694C00959D1C5B /* IGLyricsService.h */,
				CCF7C277C90E4D88B08E0050 /* IGLogger.m */,
				7C5E7FE0F9AF4F9BA14D2CC0 /* IGLocalizationService.m */,
				2D925C3D7D6C4830B9A16716 /* IGAIService.m */,
				F52A5C4387B54B64A5FDFD32 /* IGiTunesService.h */,
				C9201068CDD549ADAA43EFB6 /* IGKeychainHelper.h */,
				2C45851CCAC7455C92EC3DCD /* IGUSBService.m */,
				BDA7BC4E1F23482BAAF8CDB8 /* IGLyricsService.m */,
				74DEE8B60F624245A89DC53E /* IGMediaFixerManager.m */,
				25322633809E4586877D1F54 /* IGiTunesService.m */,
				0ABE16C410434605B191B33F /* IGAIService.h */,
				3123DACEAF52423BA9E8296E /* IGLocalizationService.h */,
				74988E5C7C364D7AA8302DEB /* IGLogger.h */,
				1797CE731B744A29BCCCFDDF /* IGKeychainHelper.m */,
				0B11E06C09474BA782581110 /* IGUSBService.h */,
			);
			path = "Services";
			sourceTree = "<group>";
		};
		6E6B67205F034C2DA5F3C1A0 /* Models */ = {
			isa = PBXGroup;
			children = (
				91577E64755A4C1CA58386A2 /* IGTrack.m */,
				2EAE5FB1FA664E7AB9042A19 /* IGTrack.h */,
			);
			path = "Models";
			sourceTree = "<group>";
		};
		A1A344FE48F240EA8D0F5FA3 /* UI */ = {
			isa = PBXGroup;
			children = (
				8B41285364BE4E2A8AD8C9E6 /* IGMainWindowController.h */,
				D75B17AE88F841A79B4ACA43 /* IGNotificationView.h */,
				0EA22F9DFA6C4F7AADE200A3 /* IGSettingsViewController.m */,
				9B6D3098017744EEB46C1F27 /* IGDuplicateFinderViewController.h */,
				7F483084A1C444FFB8D9A096 /* IGOfflinePlaylistViewController.m */,
				F680643FC34A4E8DB7E7FDEF /* IGUSBExportViewController.m */,
				739BF74E464946A2AA4C0110 /* IGFileFixerViewController.m */,
				1E00386C424D42A2949A6D8B /* IGCoversOptimizerViewController.h */,
				3142FA52755640FEAFB6C162 /* IGFixerViewController.h */,
				66FDB03C78DD486E89F166B2 /* IGGeniusViewController.m */,
				AE10F8E4682E4EA7B7095986 /* IGNotificationView.m */,
				1F3E05FFC4294765A2A1D856 /* IGMainWindowController.m */,
				7B2A540B5ADE4FFEA59F1448 /* IGDuplicateFinderViewController.m */,
				5928716DF6E5462FBAAC4FC6 /* IGSettingsViewController.h */,
				88020F3C19DF4952A41EC79F /* IGOfflinePlaylistViewController.h */,
				5A531656E96F491CB84D6FED /* IGGeniusViewController.h */,
				5585714DDC3140C48E00113F /* IGFixerViewController.m */,
				E4BAFEFCB6B4420B857060EE /* IGCoversOptimizerViewController.m */,
				3ADEA23E2DA14FEFB58F38CF /* IGUSBExportViewController.h */,
				EAD24D55D2BA422C89A18EFE /* IGFileFixerViewController.h */,
			);
			path = "UI";
			sourceTree = "<group>";
		};
		0CF5ED5EA93C446CA68ADDE8 /* Sources */ = {
			isa = PBXGroup;
			children = (
				5CBF36AA9EB74A8EB07109F9 /* AppDelegate.h */,
				AD5AC2D01D7F4A9288580D6C /* AppIcon.icns */,
				EDE5A007CE47410C985AFE3F /* main.m */,
				AFC37F0A11EB4D2C9F7CF50F /* AppDelegate.m */,
				F099DD2E2C7543F5A0CECA0A /* Info.plist */,
				A1A344FE48F240EA8D0F5FA3 /* UI */,
				0C20C79A8F1444FB9AA49AB4 /* Resources */,
				6E6B67205F034C2DA5F3C1A0 /* Models */,
				AFA485616FF341EEB22860A5 /* Base.lproj */,
				DB8B8E4DF43743E4987EAA9B /* Images.xcassets */,
				70732B3A3B634F1BBB4EF0F3 /* Services */,
			);
			path = "Sources";
			sourceTree = "<group>";
		};
		9F253988BF22401F838CF1ED /* Tests */ = {
			isa = PBXGroup;
			children = (
				82ED0CB27F3C48F6A4113858 /* SyncrosaTests.m */,
				6FC946587A2C4A71BB213DC8 /* IGBusinessLogicTests.m */,
				F484DEA683B142DFA5253185 /* Info.plist */,
			);
			path = "SyncrosaTests";
			sourceTree = "<group>";
		};
		5281AC582FDAE21700B6EAAC /* Products */ = {
			isa = PBXGroup;
			children = (
				5281AC572FDAE21700B6EAAC /* Syncrosa.app */,
				5281AC6A2FDAE21700B6EAAC /* SyncrosaTests.xctest */,
			);
			name = Products;
			sourceTree = "<group>";
		};
		5281AC4E2FDAE21700B6EAAC /* Project Group */ = {
			isa = PBXGroup;
			children = (
				0CF5ED5EA93C446CA68ADDE8 /* Sources */,
				9F253988BF22401F838CF1ED /* Tests */,
				5281AC582FDAE21700B6EAAC /* Products */,
			);
			sourceTree = "<group>";
		};
/* End PBXGroup section */

/* Begin PBXNativeTarget section */
		5281AC562FDAE21700B6EAAC /* Syncrosa */ = {
			isa = PBXNativeTarget;
			buildConfigurationList = 5281AC742FDAE21700B6EAAC /* Build configuration list for PBXNativeTarget "Syncrosa" */;
			buildPhases = (
				5281AC532FDAE21700B6EAAC /* Sources */,
				5281AC542FDAE21700B6EAAC /* Frameworks */,
				5281AC552FDAE21700B6EAAC /* Resources */,
			);
			buildRules = (
			);
			dependencies = (
			);
			name = "Syncrosa";
			productName = "Syncrosa";
			productReference = 5281AC572FDAE21700B6EAAC /* Syncrosa.app */;
			productType = "com.apple.product-type.application";
		};
		5281AC692FDAE21700B6EAAC /* SyncrosaTests */ = {
			isa = PBXNativeTarget;
			buildConfigurationList = 5281AC772FDAE21700B6EAAC /* Build configuration list for PBXNativeTarget "SyncrosaTests" */;
			buildPhases = (
				75EF194E8D7342078CA6FC00 /* Sources */,
				5281AC672FDAE21700B6EAAC /* Frameworks */,
				5281AC682FDAE21700B6EAAC /* Resources */,
			);
			buildRules = (
			);
			dependencies = (
				5281AC6C2FDAE21700B6EAAC /* PBXTargetDependency */,
			);
			name = "SyncrosaTests";
			productName = "SyncrosaTests";
			productReference = 5281AC6A2FDAE21700B6EAAC /* SyncrosaTests.xctest */;
			productType = "com.apple.product-type.bundle.unit-test";
		};
/* End PBXNativeTarget section */

/* Begin PBXProject section */
		5281AC4F2FDAE21700B6EAAC /* Project object */ = {
			isa = PBXProject;
			attributes = {
				LastUpgradeCheck = 0610;
				ORGANIZATIONNAME = "MacBook Pro";
				TargetAttributes = {
					5281AC562FDAE21700B6EAAC = {
						CreatedOnToolsVersion = 6.1;
					};
					5281AC692FDAE21700B6EAAC = {
						CreatedOnToolsVersion = 6.1;
						TestTargetID = 5281AC562FDAE21700B6EAAC;
					};
				};
			};
			buildConfigurationList = 5281AC522FDAE21700B6EAAC /* Build configuration list for PBXProject "Syncrosa" */;
			compatibilityVersion = "Xcode 3.2";
			developmentRegion = English;
			hasScannedForEncodings = 0;
			knownRegions = (
				en,
				Base,
			);
			mainGroup = 5281AC4E2FDAE21700B6EAAC;
			productRefGroup = 5281AC582FDAE21700B6EAAC /* Products */;
			projectDirPath = "";
			projectRoot = "";
			targets = (
				5281AC562FDAE21700B6EAAC /* Syncrosa */,
				5281AC692FDAE21700B6EAAC /* SyncrosaTests */,
			);
		};
/* End PBXProject section */

/* Begin PBXResourcesBuildPhase section */
		5281AC552FDAE21700B6EAAC /* Resources */ = {
			isa = PBXResourcesBuildPhase;
			buildActionMask = 2147483647;
			files = (
				2B37C8AAFCC14A859447B584 /* AppIcon.icns in Resources */,
				3A616E1579A6444BB71262DA /* cacert.pem in Resources */,
				C6C8CDA133DD47AF99BBEAB7 /* Localizable.strings in Resources */,
				4CE3E31E42D64188A33D92BA /* Localizable.strings in Resources */,
				C3CB6F2E3AFA458FA608CA94 /* MainMenu.xib in Resources */,
			);
			runOnlyForDeploymentPostprocessing = 0;
		};
		5281AC682FDAE21700B6EAAC /* Resources */ = {
			isa = PBXResourcesBuildPhase;
			buildActionMask = 2147483647;
			files = (
			);
			runOnlyForDeploymentPostprocessing = 0;
		};
/* End PBXResourcesBuildPhase section */

/* Begin PBXSourcesBuildPhase section */
		5281AC532FDAE21700B6EAAC /* Sources */ = {
			isa = PBXSourcesBuildPhase;
			buildActionMask = 2147483647;
			files = (
				EB17A9FF5DE74A2A8145574B /* main.m in Sources */,
				45F976B84D6F4AAB82A9012F /* AppDelegate.m in Sources */,
				55E17EDC96C34EE2B003EC06 /* IGSettingsViewController.m in Sources */,
				71D96F8FB9A145948D92D3BC /* IGOfflinePlaylistViewController.m in Sources */,
				602B6811819A40C48F7A521A /* IGUSBExportViewController.m in Sources */,
				72FECC5191E0484D8D030A5E /* IGFileFixerViewController.m in Sources */,
				C276892C58134848B0C9C667 /* IGGeniusViewController.m in Sources */,
				B4689CDE395842698F3CE170 /* IGNotificationView.m in Sources */,
				09A92887A59B4CE3BD2B132A /* IGMainWindowController.m in Sources */,
				63765D130BAE4B36BBC9BEDE /* IGDuplicateFinderViewController.m in Sources */,
				340F75FB0181479294FB81A3 /* IGFixerViewController.m in Sources */,
				889A748F07434C3F93C0AB90 /* IGCoversOptimizerViewController.m in Sources */,
				0C910F951C694F0A8BEFB7AF /* IGTrack.m in Sources */,
				AFA324E0FFAA420485C4B181 /* IGLogger.m in Sources */,
				069F39F7FC1444EC940C2FCE /* IGLocalizationService.m in Sources */,
				55AEF72EE3484B5DB45D3515 /* IGAIService.m in Sources */,
				EA712E07607D405991026720 /* IGUSBService.m in Sources */,
				301D2062B6FC4B75A9844BF0 /* IGLyricsService.m in Sources */,
				926668244C544F2F8A5D0E77 /* IGMediaFixerManager.m in Sources */,
				26C43F4A34364DBBA8D76048 /* IGiTunesService.m in Sources */,
				9F60C8D49F284C8ABB40C455 /* IGKeychainHelper.m in Sources */,
			);
			runOnlyForDeploymentPostprocessing = 0;
		};
		75EF194E8D7342078CA6FC00 /* Sources */ = {
			isa = PBXSourcesBuildPhase;
			buildActionMask = 2147483647;
			files = (
				5D7037A06A23448EB85741D7 /* SyncrosaTests.m in Build */,
				88306CA2A8764D4CBE9EF3C7 /* IGBusinessLogicTests.m in Build */,
			);
			runOnlyForDeploymentPostprocessing = 0;
		};
/* End PBXSourcesBuildPhase section */

/* Begin PBXTargetDependency section */
		5281AC6C2FDAE21700B6EAAC /* PBXTargetDependency */ = {
			isa = PBXTargetDependency;
			target = 5281AC562FDAE21700B6EAAC /* Syncrosa */;
			targetProxy = 5281AC6B2FDAE21700B6EAAC /* PBXContainerItemProxy */;
		};
/* End PBXTargetDependency section */

/* Begin XCBuildConfiguration section */
		5281AC502FDAE21700B6EAAC /* Debug */ = {
			isa = XCBuildConfiguration;
			buildSettings = {
				ALWAYS_SEARCH_USER_PATHS = NO;
				CLANG_CXX_LANGUAGE_STANDARD = "gnu++0x";
				CLANG_CXX_LIBRARY = "libc++";
				CLANG_ENABLE_MODULES = YES;
				CLANG_ENABLE_OBJC_ARC = YES;
				CLANG_WARN_BOOL_CONVERSION = YES;
				CLANG_WARN_CONSTANT_CONVERSION = YES;
				CLANG_WARN_DIRECT_OBJC_ISA_USAGE = YES_ERROR;
				CLANG_WARN_EMPTY_BODY = YES;
				CLANG_WARN_ENUM_CONVERSION = YES;
				CLANG_WARN_INT_CONVERSION = YES;
				CLANG_WARN_OBJC_ROOT_CLASS = YES_ERROR;
				CLANG_WARN_UNREACHABLE_CODE = YES;
				CLANG_WARN__DUPLICATE_METHOD_MATCH = YES;
				COPY_PHASE_STRIP = NO;
				ENABLE_STRICT_OBJC_MSGSEND = YES;
				GCC_C_LANGUAGE_STANDARD = gnu99;
				GCC_DYNAMIC_NO_PIC = NO;
				GCC_OPTIMIZATION_LEVEL = 0;
				GCC_PREPROCESSOR_DEFINITIONS = (
					"DEBUG=1",
					"$(inherited)",
				);
				GCC_SYMBOLS_PRIVATE_EXTERN = NO;
				GCC_WARN_64_BIT_CONVERT_TO_32_BIT_AS_SAFE = YES;
				GCC_WARN_ABOUT_RETURN_TYPE = YES_ERROR;
				GCC_WARN_UNDECLARED_SELECTOR = YES;
				GCC_WARN_UNINITIALIZED_AUTOS = YES_AGGRESSIVE;
				GCC_WARN_UNUSED_FUNCTION = YES;
				GCC_WARN_UNUSED_VARIABLE = YES;
				MACOSX_DEPLOYMENT_TARGET = 10.13;
				MTL_ENABLE_DEBUG_INFO = YES;
				ONLY_ACTIVE_ARCH = YES;
				SDKROOT = macosx;
			};
			name = Debug;
		};
		5281AC512FDAE21700B6EAAC /* Release */ = {
			isa = XCBuildConfiguration;
			buildSettings = {
				ALWAYS_SEARCH_USER_PATHS = NO;
				CLANG_CXX_LANGUAGE_STANDARD = "gnu++0x";
				CLANG_CXX_LIBRARY = "libc++";
				CLANG_ENABLE_MODULES = YES;
				CLANG_ENABLE_OBJC_ARC = YES;
				CLANG_WARN_BOOL_CONVERSION = YES;
				CLANG_WARN_CONSTANT_CONVERSION = YES;
				CLANG_WARN_DIRECT_OBJC_ISA_USAGE = YES_ERROR;
				CLANG_WARN_EMPTY_BODY = YES;
				CLANG_WARN_ENUM_CONVERSION = YES;
				CLANG_WARN_INT_CONVERSION = YES;
				CLANG_WARN_OBJC_ROOT_CLASS = YES_ERROR;
				CLANG_WARN_UNREACHABLE_CODE = YES;
				CLANG_WARN__DUPLICATE_METHOD_MATCH = YES;
				COPY_PHASE_STRIP = NO;
				ENABLE_STRICT_OBJC_MSGSEND = YES;
				GCC_C_LANGUAGE_STANDARD = gnu99;
				GCC_WARN_64_BIT_CONVERT_TO_32_BIT_AS_SAFE = YES;
				GCC_WARN_ABOUT_RETURN_TYPE = YES_ERROR;
				GCC_WARN_UNDECLARED_SELECTOR = YES;
				GCC_WARN_UNINITIALIZED_AUTOS = YES_AGGRESSIVE;
				GCC_WARN_UNUSED_FUNCTION = YES;
				GCC_WARN_UNUSED_VARIABLE = YES;
				MACOSX_DEPLOYMENT_TARGET = 10.13;
				MTL_ENABLE_DEBUG_INFO = NO;
				SDKROOT = macosx;
			};
			name = Release;
		};
		5281AC752FDAE21700B6EAAC /* Debug */ = {
			isa = XCBuildConfiguration;
			buildSettings = {
				ASSETCATALOG_COMPILER_APPICON_NAME = AppIcon;
				COMBINE_HIDPI_IMAGES = YES;
				INFOPLIST_FILE = Sources/Info.plist;
				LD_RUNPATH_SEARCH_PATHS = "$(inherited) @executable_path/../Frameworks";
				PRODUCT_NAME = "$(TARGET_NAME)";
			};
			name = Debug;
		};
		5281AC762FDAE21700B6EAAC /* Release */ = {
			isa = XCBuildConfiguration;
			buildSettings = {
				ASSETCATALOG_COMPILER_APPICON_NAME = AppIcon;
				COMBINE_HIDPI_IMAGES = YES;
				INFOPLIST_FILE = Sources/Info.plist;
				LD_RUNPATH_SEARCH_PATHS = "$(inherited) @executable_path/../Frameworks";
				PRODUCT_NAME = "$(TARGET_NAME)";
			};
			name = Release;
		};
		5281AC782FDAE21700B6EAAC /* Debug */ = {
			isa = XCBuildConfiguration;
			buildSettings = {
				BUNDLE_LOADER = "$(TEST_HOST)";
				FRAMEWORK_SEARCH_PATHS = (
					"$(DEVELOPER_FRAMEWORKS_DIR)",
					"$(inherited)",
				);
				GCC_PREPROCESSOR_DEFINITIONS = (
					"DEBUG=1",
					"$(inherited)",
				);
				INFOPLIST_FILE = "SyncrosaTests/Info.plist";
				LD_RUNPATH_SEARCH_PATHS = "$(inherited) @executable_path/../Frameworks @loader_path/../Frameworks";
				PRODUCT_NAME = "$(TARGET_NAME)";
				TEST_HOST = "$(BUILT_PRODUCTS_DIR)/Syncrosa.app/Contents/MacOS/Syncrosa";
			};
			name = Debug;
		};
		5281AC792FDAE21700B6EAAC /* Release */ = {
			isa = XCBuildConfiguration;
			buildSettings = {
				BUNDLE_LOADER = "$(TEST_HOST)";
				FRAMEWORK_SEARCH_PATHS = (
					"$(DEVELOPER_FRAMEWORKS_DIR)",
					"$(inherited)",
				);
				INFOPLIST_FILE = "SyncrosaTests/Info.plist";
				LD_RUNPATH_SEARCH_PATHS = "$(inherited) @executable_path/../Frameworks @loader_path/../Frameworks";
				PRODUCT_NAME = "$(TARGET_NAME)";
				TEST_HOST = "$(BUILT_PRODUCTS_DIR)/Syncrosa.app/Contents/MacOS/Syncrosa";
			};
			name = Release;
		};
/* End XCBuildConfiguration section */

/* Begin XCConfigurationList section */
		5281AC522FDAE21700B6EAAC /* Build configuration list for PBXProject "Syncrosa" */ = {
			isa = XCConfigurationList;
			buildConfigurations = (
				5281AC502FDAE21700B6EAAC /* Debug */,
				5281AC512FDAE21700B6EAAC /* Release */,
			);
			defaultConfigurationIsVisible = 0;
			defaultConfigurationName = Release;
		};
		5281AC742FDAE21700B6EAAC /* Build configuration list for PBXNativeTarget "Syncrosa" */ = {
			isa = XCConfigurationList;
			buildConfigurations = (
				5281AC752FDAE21700B6EAAC /* Debug */,
				5281AC762FDAE21700B6EAAC /* Release */,
			);
			defaultConfigurationIsVisible = 0;
			defaultConfigurationName = Release;
		};
		5281AC772FDAE21700B6EAAC /* Build configuration list for PBXNativeTarget "SyncrosaTests" */ = {
			isa = XCConfigurationList;
			buildConfigurations = (
				5281AC782FDAE21700B6EAAC /* Debug */,
				5281AC792FDAE21700B6EAAC /* Release */,
			);
			defaultConfigurationIsVisible = 0;
			defaultConfigurationName = Release;
		};
/* End XCConfigurationList section */
	};
	rootObject = 5281AC4F2FDAE21700B6EAAC /* Project object */;
}
