// !$*UTF8*$!
{
	archiveVersion = 1;
	classes = {
	};
	objectVersion = 46;
	objects = {

/* Begin PBXBuildFile section */
		A8C14DD496834390A1E27047 /* main.m in Build */ = {isa = PBXBuildFile; fileRef = 71F9A3A0FA134714A78ECC54 /* main.m */; };
		11FC3C196923473FBE239547 /* AppDelegate.m in Build */ = {isa = PBXBuildFile; fileRef = 09E92BD3BF2241299D6488CE /* AppDelegate.m */; };
		A7508E53134549569D5BB4B3 /* IGSettingsViewController.m in Build */ = {isa = PBXBuildFile; fileRef = BA094B1E9F1F40EEA5D39B2A /* IGSettingsViewController.m */; };
		C440C150AC334D3F8EC97188 /* IGFileFixerViewController.m in Build */ = {isa = PBXBuildFile; fileRef = BC0BEFA9168E44C0A569462C /* IGFileFixerViewController.m */; };
		491A7F3B4E224347A985E0BF /* IGGeniusViewController.m in Build */ = {isa = PBXBuildFile; fileRef = 97CFB472B0354075A009BB3A /* IGGeniusViewController.m */; };
		2B8BEEBC3E50428FB4958282 /* IGMainWindowController.m in Build */ = {isa = PBXBuildFile; fileRef = 4224FB2430994FAEAE92DFFB /* IGMainWindowController.m */; };
		ACF3FE043FFF43B2801A4ACE /* IGFixerViewController.m in Build */ = {isa = PBXBuildFile; fileRef = B36D1F64238E441A8CB59603 /* IGFixerViewController.m */; };
		7E8EC6D473A54C94B9888646 /* cacert.pem in Build */ = {isa = PBXBuildFile; fileRef = 6FABADE8A4BB439685BCCBEA /* cacert.pem */; };
		4FCB84E62F7649C7ACF16967 /* Localizable.strings in Build */ = {isa = PBXBuildFile; fileRef = 4CC40712E5794ADEA1A6FB11 /* Localizable.strings */; };
		4099A4FE27274FFD84B1716E /* Localizable.strings in Build */ = {isa = PBXBuildFile; fileRef = BB74586B28324587A7A1A941 /* Localizable.strings */; };
		B71CDE32013F4DE3A8A9F5A7 /* IGTrack.m in Build */ = {isa = PBXBuildFile; fileRef = CC5589F4405545FE85CCBD80 /* IGTrack.m */; };
		6822ED731CD640D2ACF447C3 /* MainMenu.xib in Build */ = {isa = PBXBuildFile; fileRef = E47D5A0B02BE4FCDBAE1569E /* MainMenu.xib */; };
		4AC3101C31EC4294A926A365 /* IGLogger.m in Build */ = {isa = PBXBuildFile; fileRef = 1DCFD289CA4845588008ECD7 /* IGLogger.m */; };
		CF5DE7D5BF7C46D08562FB6F /* IGAIService.m in Build */ = {isa = PBXBuildFile; fileRef = 57C8E68FCA3F4BF79B9C18BB /* IGAIService.m */; };
		074D66BD75D2437A851B53A3 /* IGMediaFixerManager.m in Build */ = {isa = PBXBuildFile; fileRef = C368D90A67624774BDD0A25D /* IGMediaFixerManager.m */; };
		CD2F9A13658B497D96D84E78 /* IGiTunesService.m in Build */ = {isa = PBXBuildFile; fileRef = 5724F008D83D47B7B1DD6D0B /* IGiTunesService.m */; };
/* End PBXBuildFile section */

/* Begin PBXFileReference section */
		1B3614BA16804A5DB7CE686B /* AppDelegate.h */ = {isa = PBXFileReference; lastKnownFileType = sourcecode.c.h; path = "AppDelegate.h"; sourceTree = "<group>"; };
		71F9A3A0FA134714A78ECC54 /* main.m */ = {isa = PBXFileReference; lastKnownFileType = sourcecode.c.objc; path = "main.m"; sourceTree = "<group>"; };
		09E92BD3BF2241299D6488CE /* AppDelegate.m */ = {isa = PBXFileReference; lastKnownFileType = sourcecode.c.objc; path = "AppDelegate.m"; sourceTree = "<group>"; };
		331DC4490E82457D9DE80F01 /* Info.plist */ = {isa = PBXFileReference; lastKnownFileType = text.plist.xml; path = "Info.plist"; sourceTree = "<group>"; };
		8E409D21F0DE4AFEB18B047A /* IGMainWindowController.h */ = {isa = PBXFileReference; lastKnownFileType = sourcecode.c.h; path = "IGMainWindowController.h"; sourceTree = "<group>"; };
		BA094B1E9F1F40EEA5D39B2A /* IGSettingsViewController.m */ = {isa = PBXFileReference; lastKnownFileType = sourcecode.c.objc; path = "IGSettingsViewController.m"; sourceTree = "<group>"; };
		BC0BEFA9168E44C0A569462C /* IGFileFixerViewController.m */ = {isa = PBXFileReference; lastKnownFileType = sourcecode.c.objc; path = "IGFileFixerViewController.m"; sourceTree = "<group>"; };
		EE32927EFEFF4DE590E6E9AE /* IGFixerViewController.h */ = {isa = PBXFileReference; lastKnownFileType = sourcecode.c.h; path = "IGFixerViewController.h"; sourceTree = "<group>"; };
		97CFB472B0354075A009BB3A /* IGGeniusViewController.m */ = {isa = PBXFileReference; lastKnownFileType = sourcecode.c.objc; path = "IGGeniusViewController.m"; sourceTree = "<group>"; };
		4224FB2430994FAEAE92DFFB /* IGMainWindowController.m */ = {isa = PBXFileReference; lastKnownFileType = sourcecode.c.objc; path = "IGMainWindowController.m"; sourceTree = "<group>"; };
		3D65E30D66274D7195EA1F48 /* IGSettingsViewController.h */ = {isa = PBXFileReference; lastKnownFileType = sourcecode.c.h; path = "IGSettingsViewController.h"; sourceTree = "<group>"; };
		CF95F362A388499D8CA037E0 /* IGGeniusViewController.h */ = {isa = PBXFileReference; lastKnownFileType = sourcecode.c.h; path = "IGGeniusViewController.h"; sourceTree = "<group>"; };
		B36D1F64238E441A8CB59603 /* IGFixerViewController.m */ = {isa = PBXFileReference; lastKnownFileType = sourcecode.c.objc; path = "IGFixerViewController.m"; sourceTree = "<group>"; };
		467D0D3FD54345A0A7F39C8D /* IGFileFixerViewController.h */ = {isa = PBXFileReference; lastKnownFileType = sourcecode.c.h; path = "IGFileFixerViewController.h"; sourceTree = "<group>"; };
		6FABADE8A4BB439685BCCBEA /* cacert.pem */ = {isa = PBXFileReference; lastKnownFileType = text; path = "cacert.pem"; sourceTree = "<group>"; };
		4CC40712E5794ADEA1A6FB11 /* Localizable.strings */ = {isa = PBXFileReference; lastKnownFileType = text.plist.strings; path = "Localizable.strings"; sourceTree = "<group>"; };
		BB74586B28324587A7A1A941 /* Localizable.strings */ = {isa = PBXFileReference; lastKnownFileType = text.plist.strings; path = "Localizable.strings"; sourceTree = "<group>"; };
		CC5589F4405545FE85CCBD80 /* IGTrack.m */ = {isa = PBXFileReference; lastKnownFileType = sourcecode.c.objc; path = "IGTrack.m"; sourceTree = "<group>"; };
		D1397334E6ED4B88A66A651C /* IGTrack.h */ = {isa = PBXFileReference; lastKnownFileType = sourcecode.c.h; path = "IGTrack.h"; sourceTree = "<group>"; };
		E47D5A0B02BE4FCDBAE1569E /* MainMenu.xib */ = {isa = PBXFileReference; lastKnownFileType = file.xib; path = "MainMenu.xib"; sourceTree = "<group>"; };
		C103C99A60664CAAA8B1C998 /* IGMediaFixerManager.h */ = {isa = PBXFileReference; lastKnownFileType = sourcecode.c.h; path = "IGMediaFixerManager.h"; sourceTree = "<group>"; };
		1DCFD289CA4845588008ECD7 /* IGLogger.m */ = {isa = PBXFileReference; lastKnownFileType = sourcecode.c.objc; path = "IGLogger.m"; sourceTree = "<group>"; };
		57C8E68FCA3F4BF79B9C18BB /* IGAIService.m */ = {isa = PBXFileReference; lastKnownFileType = sourcecode.c.objc; path = "IGAIService.m"; sourceTree = "<group>"; };
		0C458A079DE54B0C808938A5 /* IGiTunesService.h */ = {isa = PBXFileReference; lastKnownFileType = sourcecode.c.h; path = "IGiTunesService.h"; sourceTree = "<group>"; };
		C368D90A67624774BDD0A25D /* IGMediaFixerManager.m */ = {isa = PBXFileReference; lastKnownFileType = sourcecode.c.objc; path = "IGMediaFixerManager.m"; sourceTree = "<group>"; };
		5724F008D83D47B7B1DD6D0B /* IGiTunesService.m */ = {isa = PBXFileReference; lastKnownFileType = sourcecode.c.objc; path = "IGiTunesService.m"; sourceTree = "<group>"; };
		045573CCC13E45FB9FEA2900 /* IGAIService.h */ = {isa = PBXFileReference; lastKnownFileType = sourcecode.c.h; path = "IGAIService.h"; sourceTree = "<group>"; };
		A7EADD037CD64F24A82A5A64 /* IGLogger.h */ = {isa = PBXFileReference; lastKnownFileType = sourcecode.c.h; path = "IGLogger.h"; sourceTree = "<group>"; };
		5281AC572FDAE21700B6EAAC /* iGeniusAI-legacy-objc.app */ = {isa = PBXFileReference; explicitFileType = wrapper.application; includeInIndex = 0; path = "iGeniusAI-legacy-objc.app"; sourceTree = BUILT_PRODUCTS_DIR; };
		5281AC6A2FDAE21700B6EAAC /* iGeniusAI-legacy-objcTests.xctest */ = {isa = PBXFileReference; explicitFileType = wrapper.cfbundle; includeInIndex = 0; path = "iGeniusAI-legacy-objcTests.xctest"; sourceTree = BUILT_PRODUCTS_DIR; };
/* End PBXFileReference section */

/* Begin PBXFrameworksBuildPhase section */
		5281AC542FDAE21700B6EAAC /* Frameworks */ = {
			isa = PBXFrameworksBuildPhase;
			buildActionMask = 2147483647;
			files = (
			);
			runOnlyForDeploymentPostprocessing = 0;
		};
/* End PBXFrameworksBuildPhase section */

/* Begin PBXGroup section */
		75EEE9B158CA4DDFB08A5C4F /* AppIcon.appiconset */ = {
			isa = PBXGroup;
			children = (
			);
			path = "AppIcon.appiconset";
			sourceTree = "<group>";
		};
		D86D46DC75EF487F9661A907 /* en.lproj */ = {
			isa = PBXGroup;
			children = (
				4CC40712E5794ADEA1A6FB11 /* Localizable.strings */,
			);
			path = "en.lproj";
			sourceTree = "<group>";
		};
		1754ECFB7A5A460488C241E4 /* ru.lproj */ = {
			isa = PBXGroup;
			children = (
				BB74586B28324587A7A1A941 /* Localizable.strings */,
			);
			path = "ru.lproj";
			sourceTree = "<group>";
		};
		56B66570638F436EA5BFBF53 /* Images.xcassets */ = {
			isa = PBXGroup;
			children = (
				75EEE9B158CA4DDFB08A5C4F /* AppIcon.appiconset */,
			);
			path = "Images.xcassets";
			sourceTree = "<group>";
		};
		302859A977D84C62B4D6862F /* Base.lproj */ = {
			isa = PBXGroup;
			children = (
				E47D5A0B02BE4FCDBAE1569E /* MainMenu.xib */,
			);
			path = "Base.lproj";
			sourceTree = "<group>";
		};
		DF92CBA3E10641EFAA55E3B3 /* Resources */ = {
			isa = PBXGroup;
			children = (
				6FABADE8A4BB439685BCCBEA /* cacert.pem */,
				D86D46DC75EF487F9661A907 /* en.lproj */,
				1754ECFB7A5A460488C241E4 /* ru.lproj */,
			);
			path = "Resources";
			sourceTree = "<group>";
		};
		65F8FE4794A04A8BB76A5E91 /* Services */ = {
			isa = PBXGroup;
			children = (
				C103C99A60664CAAA8B1C998 /* IGMediaFixerManager.h */,
				1DCFD289CA4845588008ECD7 /* IGLogger.m */,
				57C8E68FCA3F4BF79B9C18BB /* IGAIService.m */,
				0C458A079DE54B0C808938A5 /* IGiTunesService.h */,
				C368D90A67624774BDD0A25D /* IGMediaFixerManager.m */,
				5724F008D83D47B7B1DD6D0B /* IGiTunesService.m */,
				045573CCC13E45FB9FEA2900 /* IGAIService.h */,
				A7EADD037CD64F24A82A5A64 /* IGLogger.h */,
			);
			path = "Services";
			sourceTree = "<group>";
		};
		1EC0BACF1FFD418F95D48120 /* Models */ = {
			isa = PBXGroup;
			children = (
				CC5589F4405545FE85CCBD80 /* IGTrack.m */,
				D1397334E6ED4B88A66A651C /* IGTrack.h */,
			);
			path = "Models";
			sourceTree = "<group>";
		};
		B50BFF03FF694547B0650EE3 /* UI */ = {
			isa = PBXGroup;
			children = (
				8E409D21F0DE4AFEB18B047A /* IGMainWindowController.h */,
				BA094B1E9F1F40EEA5D39B2A /* IGSettingsViewController.m */,
				BC0BEFA9168E44C0A569462C /* IGFileFixerViewController.m */,
				EE32927EFEFF4DE590E6E9AE /* IGFixerViewController.h */,
				97CFB472B0354075A009BB3A /* IGGeniusViewController.m */,
				4224FB2430994FAEAE92DFFB /* IGMainWindowController.m */,
				3D65E30D66274D7195EA1F48 /* IGSettingsViewController.h */,
				CF95F362A388499D8CA037E0 /* IGGeniusViewController.h */,
				B36D1F64238E441A8CB59603 /* IGFixerViewController.m */,
				467D0D3FD54345A0A7F39C8D /* IGFileFixerViewController.h */,
			);
			path = "UI";
			sourceTree = "<group>";
		};
		8085E8304BF74D8D84F6EC16 /* Sources */ = {
			isa = PBXGroup;
			children = (
				1B3614BA16804A5DB7CE686B /* AppDelegate.h */,
				71F9A3A0FA134714A78ECC54 /* main.m */,
				09E92BD3BF2241299D6488CE /* AppDelegate.m */,
				331DC4490E82457D9DE80F01 /* Info.plist */,
				B50BFF03FF694547B0650EE3 /* UI */,
				DF92CBA3E10641EFAA55E3B3 /* Resources */,
				1EC0BACF1FFD418F95D48120 /* Models */,
				302859A977D84C62B4D6862F /* Base.lproj */,
				56B66570638F436EA5BFBF53 /* Images.xcassets */,
				65F8FE4794A04A8BB76A5E91 /* Services */,
			);
			path = "Sources";
			sourceTree = "<group>";
		};
		5281AC582FDAE21700B6EAAC /* Products */ = {
			isa = PBXGroup;
			children = (
				5281AC572FDAE21700B6EAAC /* iGeniusAI-legacy-objc.app */,
				5281AC6A2FDAE21700B6EAAC /* iGeniusAI-legacy-objcTests.xctest */,
			);
			name = Products;
			sourceTree = "<group>";
		};
		5281AC4E2FDAE21700B6EAAC /* Project Group */ = {
			isa = PBXGroup;
			children = (
				8085E8304BF74D8D84F6EC16 /* Sources */,
				5281AC582FDAE21700B6EAAC /* Products */,
			);
			sourceTree = "<group>";
		};
/* End PBXGroup section */

/* Begin PBXNativeTarget section */
		5281AC562FDAE21700B6EAAC /* iGeniusAI-legacy-objc */ = {
			isa = PBXNativeTarget;
			buildConfigurationList = 5281AC742FDAE21700B6EAAC /* Build configuration list for PBXNativeTarget "iGeniusAI-legacy-objc" */;
			buildPhases = (
				5281AC532FDAE21700B6EAAC /* Sources */,
				5281AC542FDAE21700B6EAAC /* Frameworks */,
				5281AC552FDAE21700B6EAAC /* Resources */,
			);
			buildRules = (
			);
			dependencies = (
			);
			name = "iGeniusAI-legacy-objc";
			productName = "iGeniusAI-legacy-objc";
			productReference = 5281AC572FDAE21700B6EAAC /* iGeniusAI-legacy-objc.app */;
			productType = "com.apple.product-type.application";
		};
/* End PBXNativeTarget section */

/* Begin PBXProject section */
		5281AC4F2FDAE21700B6EAAC /* Project object */ = {
			isa = PBXProject;
			attributes = {
				LastUpgradeCheck = 0610;
				ORGANIZATIONNAME = "MacBook Pro";
				TargetAttributes = {
					5281AC562FDAE21700B6EAAC = {
						CreatedOnToolsVersion = 6.1;
					};
				};
			};
			buildConfigurationList = 5281AC522FDAE21700B6EAAC /* Build configuration list for PBXProject "iGeniusAI-legacy-objc" */;
			compatibilityVersion = "Xcode 3.2";
			developmentRegion = English;
			hasScannedForEncodings = 0;
			knownRegions = (
				en,
				Base,
			);
			mainGroup = 5281AC4E2FDAE21700B6EAAC;
			productRefGroup = 5281AC582FDAE21700B6EAAC /* Products */;
			projectDirPath = "";
			projectRoot = "";
			targets = (
				5281AC562FDAE21700B6EAAC /* iGeniusAI-legacy-objc */,
			);
		};
/* End PBXProject section */

/* Begin PBXResourcesBuildPhase section */
		5281AC552FDAE21700B6EAAC /* Resources */ = {
			isa = PBXResourcesBuildPhase;
			buildActionMask = 2147483647;
			files = (
				7E8EC6D473A54C94B9888646 /* cacert.pem in Resources */,
				4FCB84E62F7649C7ACF16967 /* Localizable.strings in Resources */,
				4099A4FE27274FFD84B1716E /* Localizable.strings in Resources */,
				6822ED731CD640D2ACF447C3 /* MainMenu.xib in Resources */,
			);
			runOnlyForDeploymentPostprocessing = 0;
		};
/* End PBXResourcesBuildPhase section */

/* Begin PBXSourcesBuildPhase section */
		5281AC532FDAE21700B6EAAC /* Sources */ = {
			isa = PBXSourcesBuildPhase;
			buildActionMask = 2147483647;
			files = (
				A8C14DD496834390A1E27047 /* main.m in Sources */,
				11FC3C196923473FBE239547 /* AppDelegate.m in Sources */,
				A7508E53134549569D5BB4B3 /* IGSettingsViewController.m in Sources */,
				C440C150AC334D3F8EC97188 /* IGFileFixerViewController.m in Sources */,
				491A7F3B4E224347A985E0BF /* IGGeniusViewController.m in Sources */,
				2B8BEEBC3E50428FB4958282 /* IGMainWindowController.m in Sources */,
				ACF3FE043FFF43B2801A4ACE /* IGFixerViewController.m in Sources */,
				B71CDE32013F4DE3A8A9F5A7 /* IGTrack.m in Sources */,
				4AC3101C31EC4294A926A365 /* IGLogger.m in Sources */,
				CF5DE7D5BF7C46D08562FB6F /* IGAIService.m in Sources */,
				074D66BD75D2437A851B53A3 /* IGMediaFixerManager.m in Sources */,
				CD2F9A13658B497D96D84E78 /* IGiTunesService.m in Sources */,
			);
			runOnlyForDeploymentPostprocessing = 0;
		};
/* End PBXSourcesBuildPhase section */

/* Begin XCBuildConfiguration section */
		5281AC502FDAE21700B6EAAC /* Debug */ = {
			isa = XCBuildConfiguration;
			buildSettings = {
				ALWAYS_SEARCH_USER_PATHS = NO;
				CLANG_CXX_LANGUAGE_STANDARD = "gnu++0x";
				CLANG_CXX_LIBRARY = "libc++";
				CLANG_ENABLE_MODULES = YES;
				CLANG_ENABLE_OBJC_ARC = YES;
				CLANG_WARN_BOOL_CONVERSION = YES;
				CLANG_WARN_CONSTANT_CONVERSION = YES;
				CLANG_WARN_DIRECT_OBJC_ISA_USAGE = YES_ERROR;
				CLANG_WARN_EMPTY_BODY = YES;
				CLANG_WARN_ENUM_CONVERSION = YES;
				CLANG_WARN_INT_CONVERSION = YES;
				CLANG_WARN_OBJC_ROOT_CLASS = YES_ERROR;
				CLANG_WARN_UNREACHABLE_CODE = YES;
				CLANG_WARN__DUPLICATE_METHOD_MATCH = YES;
				COPY_PHASE_STRIP = NO;
				ENABLE_STRICT_OBJC_MSGSEND = YES;
				GCC_C_LANGUAGE_STANDARD = gnu99;
				GCC_DYNAMIC_NO_PIC = NO;
				GCC_OPTIMIZATION_LEVEL = 0;
				GCC_PREPROCESSOR_DEFINITIONS = (
					"DEBUG=1",
					"$(inherited)",
				);
				GCC_SYMBOLS_PRIVATE_EXTERN = NO;
				GCC_WARN_64_BIT_CONVERT_TO_32_BIT_AS_SAFE = YES;
				GCC_WARN_ABOUT_RETURN_TYPE = YES_ERROR;
				GCC_WARN_UNDECLARED_SELECTOR = YES;
				GCC_WARN_UNINITIALIZED_AUTOS = YES_AGGRESSIVE;
				GCC_WARN_UNUSED_FUNCTION = YES;
				GCC_WARN_UNUSED_VARIABLE = YES;
				MACOSX_DEPLOYMENT_TARGET = 10.9;
				MTL_ENABLE_DEBUG_INFO = YES;
				ONLY_ACTIVE_ARCH = YES;
				SDKROOT = macosx;
			};
			name = Debug;
		};
		5281AC512FDAE21700B6EAAC /* Release */ = {
			isa = XCBuildConfiguration;
			buildSettings = {
				ALWAYS_SEARCH_USER_PATHS = NO;
				CLANG_CXX_LANGUAGE_STANDARD = "gnu++0x";
				CLANG_CXX_LIBRARY = "libc++";
				CLANG_ENABLE_MODULES = YES;
				CLANG_ENABLE_OBJC_ARC = YES;
				CLANG_WARN_BOOL_CONVERSION = YES;
				CLANG_WARN_CONSTANT_CONVERSION = YES;
				CLANG_WARN_DIRECT_OBJC_ISA_USAGE = YES_ERROR;
				CLANG_WARN_EMPTY_BODY = YES;
				CLANG_WARN_ENUM_CONVERSION = YES;
				CLANG_WARN_INT_CONVERSION = YES;
				CLANG_WARN_OBJC_ROOT_CLASS = YES_ERROR;
				CLANG_WARN_UNREACHABLE_CODE = YES;
				CLANG_WARN__DUPLICATE_METHOD_MATCH = YES;
				COPY_PHASE_STRIP = YES;
				DEBUG_INFORMATION_FORMAT = "dwarf-with-dsym";
				ENABLE_NS_ASSERTIONS = NO;
				ENABLE_STRICT_OBJC_MSGSEND = YES;
				GCC_C_LANGUAGE_STANDARD = gnu99;
				GCC_WARN_64_BIT_CONVERT_TO_32_BIT_AS_SAFE = YES;
				GCC_WARN_ABOUT_RETURN_TYPE = YES_ERROR;
				GCC_WARN_UNDECLARED_SELECTOR = YES;
				GCC_WARN_UNINITIALIZED_AUTOS = YES_AGGRESSIVE;
				GCC_WARN_UNUSED_FUNCTION = YES;
				GCC_WARN_UNUSED_VARIABLE = YES;
				MACOSX_DEPLOYMENT_TARGET = 10.9;
				MTL_ENABLE_DEBUG_INFO = NO;
				SDKROOT = macosx;
			};
			name = Release;
		};
		5281AC752FDAE21700B6EAAC /* Debug */ = {
			isa = XCBuildConfiguration;
			buildSettings = {
				ASSETCATALOG_COMPILER_APPICON_NAME = AppIcon;
				COMBINE_HIDPI_IMAGES = YES;
				INFOPLIST_FILE = Sources/Info.plist;
				LD_RUNPATH_SEARCH_PATHS = "$(inherited) @executable_path/../Frameworks";
				PRODUCT_NAME = "$(TARGET_NAME)";
			};
			name = Debug;
		};
		5281AC762FDAE21700B6EAAC /* Release */ = {
			isa = XCBuildConfiguration;
			buildSettings = {
				ASSETCATALOG_COMPILER_APPICON_NAME = AppIcon;
				COMBINE_HIDPI_IMAGES = YES;
				INFOPLIST_FILE = Sources/Info.plist;
				LD_RUNPATH_SEARCH_PATHS = "$(inherited) @executable_path/../Frameworks";
				PRODUCT_NAME = "$(TARGET_NAME)";
			};
			name = Release;
		};
/* End XCBuildConfiguration section */

/* Begin XCConfigurationList section */
		5281AC522FDAE21700B6EAAC /* Build configuration list for PBXProject "iGeniusAI-legacy-objc" */ = {
			isa = XCConfigurationList;
			buildConfigurations = (
				5281AC502FDAE21700B6EAAC /* Debug */,
				5281AC512FDAE21700B6EAAC /* Release */,
			);
			defaultConfigurationIsVisible = 0;
			defaultConfigurationName = Release;
		};
		5281AC742FDAE21700B6EAAC /* Build configuration list for PBXNativeTarget "iGeniusAI-legacy-objc" */ = {
			isa = XCConfigurationList;
			buildConfigurations = (
				5281AC752FDAE21700B6EAAC /* Debug */,
				5281AC762FDAE21700B6EAAC /* Release */,
			);
			defaultConfigurationIsVisible = 0;
			defaultConfigurationName = Release;
		};
/* End XCConfigurationList section */
	};
	rootObject = 5281AC4F2FDAE21700B6EAAC /* Project object */;
}
